
Microsoft Visual Studio Solution File, Format Version 12.00
# Visual Studio Version 17
VisualStudioVersion = 17.4.33110.190
MinimumVisualStudioVersion = 10.0.40219.1
Project("{9A19103F-16F7-4668-BE54-9A1E7A4F7556}") = "Checkers", "Checkers\Checkers.csproj", "{2C8E1EEB-4B1F-40AE-AA7F-E99C9B03A6E0}"
EndProject
Project("{9A19103F-16F7-4668-BE54-9A1E7A4F7556}") = "Infrastructure", "Infrastructure\Infrastructure.csproj", "{E6066A8A-AD85-41A0-AAFD-67A311828A44}"
EndProject
Project("{9A19103F-16F7-4668-BE54-9A1E7A4F7556}") = "Core", "Core\Core.csproj", "{9DDECFA9-9CC4-48FB-9AAC-252C26B62198}"
EndProject
Project("{FAE04EC0-301F-11D3-BF4B-00C04F79EFBC}") = "Checkers.Tests", "Checkers.Tests\Checkers.Tests.csproj", "{BD6E45AA-7B8F-46E2-8F4D-E9E9A1083276}"
EndProject
Global
	GlobalSection(SolutionConfigurationPlatforms) = preSolution
		Debug|Any CPU = Debug|Any CPU
		Release|Any CPU = Release|Any CPU
	EndGlobalSection
	GlobalSection(ProjectConfigurationPlatforms) = postSolution
		{2C8E1EEB-4B1F-40AE-AA7F-E99C9B03A6E0}.Debug|Any CPU.ActiveCfg = Debug|Any CPU
		{2C8E1EEB-4B1F-40AE-AA7F-E99C9B03A6E0}.Debug|Any CPU.Build.0 = Debug|Any CPU
		{2C8E1EEB-4B1F-40AE-AA7F-E99C9B03A6E0}.Release|Any CPU.ActiveCfg = Release|Any CPU
		{2C8E1EEB-4B1F-40AE-AA7F-E99C9B03A6E0}.Release|Any CPU.Build.0 = Release|Any CPU
		{E6066A8A-AD85-41A0-AAFD-67A311828A44}.Debug|Any CPU.ActiveCfg = Debug|Any CPU
		{E6066A8A-AD85-41A0-AAFD-67A311828A44}.Debug|Any CPU.Build.0 = Debug|Any CPU
		{E6066A8A-AD85-41A0-AAFD-67A311828A44}.Release|Any CPU.ActiveCfg = Release|Any CPU
		{E6066A8A-AD85-41A0-AAFD-67A311828A44}.Release|Any CPU.Build.0 = Release|Any CPU
		{9DDECFA9-9CC4-48FB-9AAC-252C26B62198}.Debug|Any CPU.ActiveCfg = Debug|Any CPU
		{9DDECFA9-9CC4-48FB-9AAC-252C26B62198}.Debug|Any CPU.Build.0 = Debug|Any CPU
		{9DDECFA9-9CC4-48FB-9AAC-252C26B62198}.Release|Any CPU.ActiveCfg = Release|Any CPU
		{9DDECFA9-9CC4-48FB-9AAC-252C26B62198}.Release|Any CPU.Build.0 = Release|Any CPU
		{BD6E45AA-7B8F-46E2-8F4D-E9E9A1083276}.Debug|Any CPU.ActiveCfg = Debug|Any CPU
		{BD6E45AA-7B8F-46E2-8F4D-E9E9A1083276}.Debug|Any CPU.Build.0 = Debug|Any CPU
		{BD6E45AA-7B8F-46E2-8F4D-E9E9A1083276}.Release|Any CPU.ActiveCfg = Release|Any CPU
		{BD6E45AA-7B8F-46E2-8F4D-E9E9A1083276}.Release|Any CPU.Build.0 = Release|Any CPU
	EndGlobalSection
	GlobalSection(SolutionProperties) = preSolution
		HideSolutionNode = FALSE
	EndGlobalSection
	GlobalSection(ExtensibilityGlobals) = postSolution
		SolutionGuid = {5B6AC014-1EA0-42DA-A53C-B5F8ED5AEFA8}
	EndGlobalSection
EndGlobal
